<?xml version="1.0" encoding="utf-8"?>
<Project ToolsVersion="4.0" xmlns="http://schemas.microsoft.com/developer/msbuild/2003">
  <ItemGroup>
    <Filter Include="Source Files">
      <UniqueIdentifier>{4FC737F1-C7A5-4376-A066-2A32D752A2FF}</UniqueIdentifier>
      <Extensions>cpp;c;cc;cxx;c++;cppm;ixx;def;odl;idl;hpj;bat;asm;asmx</Extensions>
    </Filter>
    <Filter Include="Header Files">
      <UniqueIdentifier>{93995380-89BD-4b04-88EB-625FBE52EBFB}</UniqueIdentifier>
      <Extensions>h;hh;hpp;hxx;h++;hm;inl;inc;ipp;xsd</Extensions>
    </Filter>
    <Filter Include="Header Files\Rules">
      <UniqueIdentifier>{5aae2ccd-aa6d-4cb0-a3c5-a45a8b9ade8a}</UniqueIdentifier>
    </Filter>
    <Filter Include="Source Files\Rules">
      <UniqueIdentifier>{68d9e5ee-9b78-4619-8ee7-90ce9ccf71a0}</UniqueIdentifier>
    </Filter>
  </ItemGroup>
  <ItemGroup>
    <ClCompile Include="..\Check.cpp">
      <Filter>Source Files</Filter>
    </ClCompile>
    <ClCompile Include="..\CompilationEngine.cpp">
      <Filter>Source Files</Filter>
    </ClCompile>
    <ClCompile Include="..\JackAnalyzer.cpp">
      <Filter>Source Files</Filter>
    </ClCompile>
    <ClCompile Include="..\JackTokenizer.cpp">
      <Filter>Source Files</Filter>
    </ClCompile>
    <ClCompile Include="..\main.cpp">
      <Filter>Source Files</Filter>
    </ClCompile>
    <ClCompile Include="..\Rules\ExpressionRules.cpp">
      <Filter>Source Files\Rules</Filter>
    </ClCompile>
    <ClCompile Include="..\Rules\LexicalRules.cpp">
      <Filter>Source Files\Rules</Filter>
    </ClCompile>
    <ClCompile Include="..\Rules\ProgramStructureRules.cpp">
      <Filter>Source Files\Rules</Filter>
    </ClCompile>
    <ClCompile Include="..\Rules\StatementRules.cpp">
      <Filter>Source Files\Rules</Filter>
    </ClCompile>
    <ClCompile Include="..\main.cpp" />
    <ClCompile Include="..\CompilationEngine.cpp">
      <Filter>Source Files</Filter>
    </ClCompile>
    <ClCompile Include="..\JackAnalyzer.cpp">
      <Filter>Source Files</Filter>
    </ClCompile>
    <ClCompile Include="..\JackTokenizer.cpp">
      <Filter>Source Files</Filter>
    </ClCompile>
    <ClCompile Include="..\Rules\BaseRules.cpp">
      <Filter>Source Files\Rules</Filter>
    </ClCompile>
    <ClCompile Include="..\Rules\ExpressionRules.cpp">
      <Filter>Source Files\Rules</Filter>
    </ClCompile>
    <ClCompile Include="..\Rules\LexicalRules.cpp">
      <Filter>Source Files\Rules</Filter>
    </ClCompile>
    <ClCompile Include="..\Rules\ProgramStructureRules.cpp">
      <Filter>Source Files\Rules</Filter>
    </ClCompile>
    <ClCompile Include="..\Rules\StatementRules.cpp">
      <Filter>Source Files\Rules</Filter>
    </ClCompile>
  </ItemGroup>
  <ItemGroup>
    <ClInclude Include="..\Check.h">
      <Filter>Header Files</Filter>
    </ClInclude>
    <ClInclude Include="..\CompilationEngine.h">
      <Filter>Header Files</Filter>
    </ClInclude>
    <ClInclude Include="..\EKeyWord.h">
      <Filter>Header Files</Filter>
    </ClInclude>
    <ClInclude Include="..\ETokenType.h">
      <Filter>Header Files</Filter>
    </ClInclude>
    <ClInclude Include="..\JackAnalyzer.h">
      <Filter>Header Files</Filter>
    </ClInclude>
    <ClInclude Include="..\JackTokenizer.h">
      <Filter>Header Files</Filter>
    </ClInclude>
    <ClInclude Include="..\Rules\ExpressionRules.h">
      <Filter>Header Files\Rules</Filter>
    </ClInclude>
    <ClInclude Include="..\Rules\LexicalRules.h">
      <Filter>Header Files\Rules</Filter>
    </ClInclude>
    <ClInclude Include="..\Rules\ProgramStructureRules.h">
      <Filter>Header Files\Rules</Filter>
    </ClInclude>
    <ClInclude Include="..\Rules\StatementRules.h">
      <Filter>Header Files\Rules</Filter>
    </ClInclude>
    <ClInclude Include="..\CompilationEngine.h">
      <Filter>Header Files</Filter>
    </ClInclude>
    <ClInclude Include="..\EKeyWord.h">
      <Filter>Header Files</Filter>
    </ClInclude>
    <ClInclude Include="..\ETokenType.h">
      <Filter>Header Files</Filter>
    </ClInclude>
    <ClInclude Include="..\JackAnalyzer.h">
      <Filter>Header Files</Filter>
    </ClInclude>
    <ClInclude Include="..\JackTokenizer.h">
      <Filter>Header Files</Filter>
    </ClInclude>
    <ClInclude Include="..\Rules\BaseRules.h">
      <Filter>Header Files\Rules</Filter>
    </ClInclude>
    <ClInclude Include="..\Rules\ExpressionRules.h">
      <Filter>Header Files\Rules</Filter>
    </ClInclude>
    <ClInclude Include="..\Rules\LexicalRules.h">
      <Filter>Header Files\Rules</Filter>
    </ClInclude>
    <ClInclude Include="..\Rules\ProgramStructureRules.h">
      <Filter>Header Files\Rules</Filter>
    </ClInclude>
    <ClInclude Include="..\Rules\StatementRules.h">
      <Filter>Header Files\Rules</Filter>
    </ClInclude>
  </ItemGroup>
</Project>