<?xml version="1.0" encoding="utf-8"?>
<Project ToolsVersion="4.0" xmlns="http://schemas.microsoft.com/developer/msbuild/2003">
  <ItemGroup>
    <Filter Include="Source Files">
      <UniqueIdentifier>{4FC737F1-C7A5-4376-A066-2A32D752A2FF}</UniqueIdentifier>
      <Extensions>cpp;c;cc;cxx;c++;cppm;ixx;def;odl;idl;hpj;bat;asm;asmx</Extensions>
    </Filter>
    <Filter Include="Header Files">
      <UniqueIdentifier>{93995380-89BD-4b04-88EB-625FBE52EBFB}</UniqueIdentifier>
      <Extensions>h;hh;hpp;hxx;h++;hm;inl;inc;ipp;xsd</Extensions>
    </Filter>
    <Filter Include="Header Files\Rules">
      <UniqueIdentifier>{5aae2ccd-aa6d-4cb0-a3c5-a45a8b9ade8a}</UniqueIdentifier>
    </Filter>
    <Filter Include="Source Files\Rules">
      <UniqueIdentifier>{68d9e5ee-9b78-4619-8ee7-90ce9ccf71a0}</UniqueIdentifier>
    </Filter>
    <Filter Include="Header Files\Rules\Expressions">
      <UniqueIdentifier>{95defafb-1c4d-4afd-9484-38469bebb16b}</UniqueIdentifier>
    </Filter>
    <Filter Include="Header Files\Rules\Base">
      <UniqueIdentifier>{ec519988-602e-433d-937b-211caed43366}</UniqueIdentifier>
    </Filter>
  </ItemGroup>
  <ItemGroup>
    <ClCompile Include="..\*.cpp">
      <Filter>Source Files</Filter>
    </ClCompile>
    <ClCompile Include="..\Rules\*.cpp">
      <Filter>Source Files\Rules</Filter>
    </ClCompile>
    <ClCompile Include="..\main.cpp" />
  </ItemGroup>
  <ItemGroup>
    <ClInclude Include="..\*.h">
      <Filter>Header Files</Filter>
    </ClInclude>
    <ClInclude Include="..\Rules\*.h">
      <Filter>Header Files\Rules</Filter>
    </ClInclude>
  </ItemGroup>
</Project>